
Microsoft Visual Studio Solution File, Format Version 12.00
# Visual Studio Version 17
VisualStudioVersion = 17.2.32516.85
MinimumVisualStudioVersion = 10.0.40219.1
Project("{FAE04EC0-301F-11D3-BF4B-00C04F79EFBC}") = "Tester.Core", "Tester.Core\Tester.Core.csproj", "{863CB2C7-AA4C-461B-99DD-B70BF34C2EFC}"
EndProject
Project("{FAE04EC0-301F-11D3-BF4B-00C04F79EFBC}") = "Texter.XUnit", "Texter.XUnit\Texter.XUnit.csproj", "{7260FD88-F3FB-45EE-BF8F-EFCA4D2F4C27}"
EndProject
Project("{FAE04EC0-301F-11D3-BF4B-00C04F79EFBC}") = "Tester.MSTest", "Tester.MSTest\Tester.MSTest.csproj", "{37BC50FB-6D57-4089-8191-5B9C3FF3ADC0}"
EndProject
Global
	GlobalSection(SolutionConfigurationPlatforms) = preSolution
		Debug|Any CPU = Debug|Any CPU
		Release|Any CPU = Release|Any CPU
	EndGlobalSection
	GlobalSection(ProjectConfigurationPlatforms) = postSolution
		{863CB2C7-AA4C-461B-99DD-B70BF34C2EFC}.Debug|Any CPU.ActiveCfg = Debug|Any CPU
		{863CB2C7-AA4C-461B-99DD-B70BF34C2EFC}.Debug|Any CPU.Build.0 = Debug|Any CPU
		{863CB2C7-AA4C-461B-99DD-B70BF34C2EFC}.Release|Any CPU.ActiveCfg = Release|Any CPU
		{863CB2C7-AA4C-461B-99DD-B70BF34C2EFC}.Release|Any CPU.Build.0 = Release|Any CPU
		{7260FD88-F3FB-45EE-BF8F-EFCA4D2F4C27}.Debug|Any CPU.ActiveCfg = Debug|Any CPU
		{7260FD88-F3FB-45EE-BF8F-EFCA4D2F4C27}.Debug|Any CPU.Build.0 = Debug|Any CPU
		{7260FD88-F3FB-45EE-BF8F-EFCA4D2F4C27}.Release|Any CPU.ActiveCfg = Release|Any CPU
		{7260FD88-F3FB-45EE-BF8F-EFCA4D2F4C27}.Release|Any CPU.Build.0 = Release|Any CPU
		{37BC50FB-6D57-4089-8191-5B9C3FF3ADC0}.Debug|Any CPU.ActiveCfg = Debug|Any CPU
		{37BC50FB-6D57-4089-8191-5B9C3FF3ADC0}.Debug|Any CPU.Build.0 = Debug|Any CPU
		{37BC50FB-6D57-4089-8191-5B9C3FF3ADC0}.Release|Any CPU.ActiveCfg = Release|Any CPU
		{37BC50FB-6D57-4089-8191-5B9C3FF3ADC0}.Release|Any CPU.Build.0 = Release|Any CPU
	EndGlobalSection
	GlobalSection(SolutionProperties) = preSolution
		HideSolutionNode = FALSE
	EndGlobalSection
	GlobalSection(ExtensibilityGlobals) = postSolution
		SolutionGuid = {C47FEA82-E6BD-4344-AFE1-C9D32AC3463F}
	EndGlobalSection
EndGlobal
